
Microsoft Visual Studio Solution File, Format Version 12.00
# Visual Studio Version 16
VisualStudioVersion = 16.0.30711.63
MinimumVisualStudioVersion = 10.0.40219.1
Project("{FAE04EC0-301F-11D3-BF4B-00C04F79EFBC}") = "Bicycle store system", "Bicycle store system\Bicycle store system.csproj", "{F67AC097-D76E-4EFC-8F44-493671E0AC38}"
EndProject
Global
	GlobalSection(SolutionConfigurationPlatforms) = preSolution
		Debug|Any CPU = Debug|Any CPU
		Release|Any CPU = Release|Any CPU
	EndGlobalSection
	GlobalSection(ProjectConfigurationPlatforms) = postSolution
		{F67AC097-D76E-4EFC-8F44-493671E0AC38}.Debug|Any CPU.ActiveCfg = Debug|Any CPU
		{F67AC097-D76E-4EFC-8F44-493671E0AC38}.Debug|Any CPU.Build.0 = Debug|Any CPU
		{F67AC097-D76E-4EFC-8F44-493671E0AC38}.Release|Any CPU.ActiveCfg = Release|Any CPU
		{F67AC097-D76E-4EFC-8F44-493671E0AC38}.Release|Any CPU.Build.0 = Release|Any CPU
	EndGlobalSection
	GlobalSection(SolutionProperties) = preSolution
		HideSolutionNode = FALSE
	EndGlobalSection
	GlobalSection(ExtensibilityGlobals) = postSolution
		SolutionGuid = {1D8CEE9B-F70A-4491-A463-34975183A9E1}
	EndGlobalSection
EndGlobal
